
Microsoft Visual Studio Solution File, Format Version 12.00
# Visual Studio 15
VisualStudioVersion = 15.0.27703.2042
MinimumVisualStudioVersion = 10.0.40219.1
Project("{FAE04EC0-301F-11D3-BF4B-00C04F79EFBC}") = "vistas", "Vistas\vistas.csproj", "{3DC298E2-7BBB-4C97-9549-2183EE86416B}"
EndProject
Project("{FAE04EC0-301F-11D3-BF4B-00C04F79EFBC}") = "modelos", "Modelos\modelos.csproj", "{DFE8922E-3120-47A9-8837-55FF9C2A7E77}"
EndProject
Project("{FAE04EC0-301F-11D3-BF4B-00C04F79EFBC}") = "controladores", "Controladores\controladores.csproj", "{2F31B281-8483-4685-A850-9FB6A63FA7A6}"
EndProject
Global
	GlobalSection(SolutionConfigurationPlatforms) = preSolution
		Debug|Any CPU = Debug|Any CPU
		Release|Any CPU = Release|Any CPU
	EndGlobalSection
	GlobalSection(ProjectConfigurationPlatforms) = postSolution
		{3DC298E2-7BBB-4C97-9549-2183EE86416B}.Debug|Any CPU.ActiveCfg = Debug|Any CPU
		{3DC298E2-7BBB-4C97-9549-2183EE86416B}.Debug|Any CPU.Build.0 = Debug|Any CPU
		{3DC298E2-7BBB-4C97-9549-2183EE86416B}.Release|Any CPU.ActiveCfg = Release|Any CPU
		{3DC298E2-7BBB-4C97-9549-2183EE86416B}.Release|Any CPU.Build.0 = Release|Any CPU
		{DFE8922E-3120-47A9-8837-55FF9C2A7E77}.Debug|Any CPU.ActiveCfg = Debug|Any CPU
		{DFE8922E-3120-47A9-8837-55FF9C2A7E77}.Debug|Any CPU.Build.0 = Debug|Any CPU
		{DFE8922E-3120-47A9-8837-55FF9C2A7E77}.Release|Any CPU.ActiveCfg = Release|Any CPU
		{DFE8922E-3120-47A9-8837-55FF9C2A7E77}.Release|Any CPU.Build.0 = Release|Any CPU
		{2F31B281-8483-4685-A850-9FB6A63FA7A6}.Debug|Any CPU.ActiveCfg = Debug|Any CPU
		{2F31B281-8483-4685-A850-9FB6A63FA7A6}.Debug|Any CPU.Build.0 = Debug|Any CPU
		{2F31B281-8483-4685-A850-9FB6A63FA7A6}.Release|Any CPU.ActiveCfg = Release|Any CPU
		{2F31B281-8483-4685-A850-9FB6A63FA7A6}.Release|Any CPU.Build.0 = Release|Any CPU
	EndGlobalSection
	GlobalSection(SolutionProperties) = preSolution
		HideSolutionNode = FALSE
	EndGlobalSection
	GlobalSection(ExtensibilityGlobals) = postSolution
		SolutionGuid = {DFB46992-E65C-4B92-BA46-985A551523C7}
	EndGlobalSection
EndGlobal
